// !$*UTF8*$!
{
	archiveVersion = 1;
	classes = {
	};
	objectVersion = 56;
	objects = {

/* Begin PBXBuildFile section */
		A70164C22BEE217E00C0D98B /* MapsModelData.swift in Sources */ = {isa = PBXBuildFile; fileRef = A70164C12BEE217E00C0D98B /* MapsModelData.swift */; };
		A707CE182C6F2E2E006621F5 /* SkillPopOver.swift in Sources */ = {isa = PBXBuildFile; fileRef = A707CE172C6F2E2E006621F5 /* SkillPopOver.swift */; };
		A7167FD92C51008300E32935 /* ReturnButton.swift in Sources */ = {isa = PBXBuildFile; fileRef = A7167FD82C51008300E32935 /* ReturnButton.swift */; };
		A72470862BFC924800E771D8 /* CountryNameView.swift in Sources */ = {isa = PBXBuildFile; fileRef = A72470852BFC924800E771D8 /* CountryNameView.swift */; };
		A74FA5342C9344B90064AF8E /* Difficulty.swift in Sources */ = {isa = PBXBuildFile; fileRef = A74FA5332C9344B90064AF8E /* Difficulty.swift */; };
		A7580F182C0898CA00B3F4B4 /* SideMapRightView.swift in Sources */ = {isa = PBXBuildFile; fileRef = A7580F172C0898CA00B3F4B4 /* SideMapRightView.swift */; };
		A75D26672C4C16E60040FC86 /* SkillView.swift in Sources */ = {isa = PBXBuildFile; fileRef = A75D26632C4C16E60040FC86 /* SkillView.swift */; };
		A75D26692C4C16E60040FC86 /* SkillModel.swift in Sources */ = {isa = PBXBuildFile; fileRef = A75D26652C4C16E60040FC86 /* SkillModel.swift */; };
		A75D266A2C4C16E60040FC86 /* SkillBranchView.swift in Sources */ = {isa = PBXBuildFile; fileRef = A75D26662C4C16E60040FC86 /* SkillBranchView.swift */; };
		A75ECF8C2C35DB2D002DFDDC /* MiddleLine.swift in Sources */ = {isa = PBXBuildFile; fileRef = A75ECF8B2C35DB2D002DFDDC /* MiddleLine.swift */; };
		A767856C2C08EBFA0089E342 /* MiddleVsText.swift in Sources */ = {isa = PBXBuildFile; fileRef = A767856B2C08EBFA0089E342 /* MiddleVsText.swift */; };
		A7693C772C4E60B2007763C2 /* SkillTreeScreenView.swift in Sources */ = {isa = PBXBuildFile; fileRef = A7693C762C4E60B2007763C2 /* SkillTreeScreenView.swift */; };
		A78058E02C73A6280036C54B /* SkillConnectionView.swift in Sources */ = {isa = PBXBuildFile; fileRef = A78058DF2C73A6280036C54B /* SkillConnectionView.swift */; };
		A78560792C47B20300AE3004 /* world-low.svg in Resources */ = {isa = PBXBuildFile; fileRef = A78560782C47B20300AE3004 /* world-low.svg */; };
		A786CD6B2C455FF300EBAC6F /* DropDownPicker.swift in Sources */ = {isa = PBXBuildFile; fileRef = A786CD6A2C455FF300EBAC6F /* DropDownPicker.swift */; };
		A787ADDC2C8AE7E400498EBD /* InfoBarView.swift in Sources */ = {isa = PBXBuildFile; fileRef = A787ADDB2C8AE7E400498EBD /* InfoBarView.swift */; };
		A787ADDE2C8AE93300498EBD /* EnergyPanel.swift in Sources */ = {isa = PBXBuildFile; fileRef = A787ADDD2C8AE93300498EBD /* EnergyPanel.swift */; };
		A787ADE02C8AF79800498EBD /* MoneyPanel.swift in Sources */ = {isa = PBXBuildFile; fileRef = A787ADDF2C8AF79800498EBD /* MoneyPanel.swift */; };
		A787ADE22C8AFEBB00498EBD /* IncomePanel.swift in Sources */ = {isa = PBXBuildFile; fileRef = A787ADE12C8AFEBB00498EBD /* IncomePanel.swift */; };
		A78E6F8C2C8F1DB600DA064F /* TEMP.swift in Sources */ = {isa = PBXBuildFile; fileRef = A78E6F8B2C8F1DB600DA064F /* TEMP.swift */; };
		A78F38CD2C34667200BF63EE /* TextAnimationScore.swift in Sources */ = {isa = PBXBuildFile; fileRef = A78F38CC2C34667200BF63EE /* TextAnimationScore.swift */; };
		A79705232C995C01009CC742 /* PlayerHelthModel.swift in Sources */ = {isa = PBXBuildFile; fileRef = A79705222C995C01009CC742 /* PlayerHelthModel.swift */; };
		A79A579B2BED315200ED3A67 /* SideMapView.swift in Sources */ = {isa = PBXBuildFile; fileRef = A79A579A2BED315200ED3A67 /* SideMapView.swift */; };
		A79A579D2BED39CF00ED3A67 /* PlayerDataModel.swift in Sources */ = {isa = PBXBuildFile; fileRef = A79A579C2BED39CF00ED3A67 /* PlayerDataModel.swift */; };
		A79ACB012BF76DC200769EB7 /* FightButton.swift in Sources */ = {isa = PBXBuildFile; fileRef = A79ACB002BF76DC200769EB7 /* FightButton.swift */; };
		A79C62362C3569C000C64772 /* CustomBackground.swift in Sources */ = {isa = PBXBuildFile; fileRef = A79C62352C3569C000C64772 /* CustomBackground.swift */; };
		A7A21FF42BB5BE0E005D062B /* History_Fight_NinjaApp.swift in Sources */ = {isa = PBXBuildFile; fileRef = A7A21FF32BB5BE0E005D062B /* History_Fight_NinjaApp.swift */; };
		A7A21FF82BB5BE10005D062B /* Assets.xcassets in Resources */ = {isa = PBXBuildFile; fileRef = A7A21FF72BB5BE10005D062B /* Assets.xcassets */; };
		A7A21FFB2BB5BE10005D062B /* Preview Assets.xcassets in Resources */ = {isa = PBXBuildFile; fileRef = A7A21FFA2BB5BE10005D062B /* Preview Assets.xcassets */; };
		A7ABD29F2C6231770083B96E /* Economic.swift in Sources */ = {isa = PBXBuildFile; fileRef = A7ABD29E2C6231770083B96E /* Economic.swift */; };
		A7ABD2A12C6231960083B96E /* Army.swift in Sources */ = {isa = PBXBuildFile; fileRef = A7ABD2A02C6231960083B96E /* Army.swift */; };
		A7B3F0C82C6E60F00099A5BE /* SkillTreeManager.swift in Sources */ = {isa = PBXBuildFile; fileRef = A7B3F0C72C6E60F00099A5BE /* SkillTreeManager.swift */; };
		A7BEA8DA2C3EA752001452F7 /* Constants.swift in Sources */ = {isa = PBXBuildFile; fileRef = A7BEA8D92C3EA752001452F7 /* Constants.swift */; };
		A7BEA8DC2C3EE589001452F7 /* PauseButton.swift in Sources */ = {isa = PBXBuildFile; fileRef = A7BEA8DB2C3EE589001452F7 /* PauseButton.swift */; };
		A7BEB1632C2D7C95007AE6C9 /* ScoreBoardView.swift in Sources */ = {isa = PBXBuildFile; fileRef = A7BEB1622C2D7C95007AE6C9 /* ScoreBoardView.swift */; };
		A7C42FBB2C382525008E0CE6 /* MenuButtonView.swift in Sources */ = {isa = PBXBuildFile; fileRef = A7C42FBA2C382525008E0CE6 /* MenuButtonView.swift */; };
		A7CFDACB2BF92A8500937CE0 /* FieldForButton.swift in Sources */ = {isa = PBXBuildFile; fileRef = A7CFDACA2BF92A8500937CE0 /* FieldForButton.swift */; };
		A7CFDACD2BF92ABF00937CE0 /* AttacButton.swift in Sources */ = {isa = PBXBuildFile; fileRef = A7CFDACC2BF92ABF00937CE0 /* AttacButton.swift */; };
		A7E2C9A12BEA97BA0040B8E5 /* CountryModel.swift in Sources */ = {isa = PBXBuildFile; fileRef = A7E2C99E2BEA97BA0040B8E5 /* CountryModel.swift */; };
		A7E2C9A22BEA97BA0040B8E5 /* HealthBarModel.swift in Sources */ = {isa = PBXBuildFile; fileRef = A7E2C99F2BEA97BA0040B8E5 /* HealthBarModel.swift */; };
		A7E2C9A92BEA97CC0040B8E5 /* ContentView.swift in Sources */ = {isa = PBXBuildFile; fileRef = A7E2C9A32BEA97CC0040B8E5 /* ContentView.swift */; };
		A7E2C9AB2BEA97CC0040B8E5 /* GameScene.swift in Sources */ = {isa = PBXBuildFile; fileRef = A7E2C9A52BEA97CC0040B8E5 /* GameScene.swift */; };
		A7E2C9AD2BEA97CC0040B8E5 /* Streak.swift in Sources */ = {isa = PBXBuildFile; fileRef = A7E2C9A72BEA97CC0040B8E5 /* Streak.swift */; };
		A7E2C9B62BEA97D50040B8E5 /* Assets.xcassets in Resources */ = {isa = PBXBuildFile; fileRef = A7E2C9AE2BEA97D50040B8E5 /* Assets.xcassets */; };
		A7E2C9B72BEA97D50040B8E5 /* explousion.sks in Resources */ = {isa = PBXBuildFile; fileRef = A7E2C9AF2BEA97D50040B8E5 /* explousion.sks */; };
		A7E2C9B82BEA97D50040B8E5 /* game.sks in Resources */ = {isa = PBXBuildFile; fileRef = A7E2C9B02BEA97D50040B8E5 /* game.sks */; };
		A7E2C9B92BEA97D50040B8E5 /* GameOver.sks in Resources */ = {isa = PBXBuildFile; fileRef = A7E2C9B12BEA97D50040B8E5 /* GameOver.sks */; };
		A7E2C9BA2BEA97D50040B8E5 /* GameWin.sks in Resources */ = {isa = PBXBuildFile; fileRef = A7E2C9B22BEA97D50040B8E5 /* GameWin.sks */; };
		A7E2C9BB2BEA97D50040B8E5 /* smoke.sks in Resources */ = {isa = PBXBuildFile; fileRef = A7E2C9B32BEA97D50040B8E5 /* smoke.sks */; };
		A7E2C9BC2BEA97D50040B8E5 /* Start.sks in Resources */ = {isa = PBXBuildFile; fileRef = A7E2C9B42BEA97D50040B8E5 /* Start.sks */; };
		A7E2C9BE2BEAA0B40040B8E5 /* world-low-old.svg in Resources */ = {isa = PBXBuildFile; fileRef = A7E2C9BD2BEAA0B40040B8E5 /* world-low-old.svg */; };
		A7E2C9C52BEAA25F0040B8E5 /* MapModel.swift in Sources */ = {isa = PBXBuildFile; fileRef = A7E2C9C42BEAA25F0040B8E5 /* MapModel.swift */; };
		A7E2C9CC2BEAA2760040B8E5 /* Centering.swift in Sources */ = {isa = PBXBuildFile; fileRef = A7E2C9C62BEAA2760040B8E5 /* Centering.swift */; };
		A7E2C9CD2BEAA2760040B8E5 /* MapParser.swift in Sources */ = {isa = PBXBuildFile; fileRef = A7E2C9C72BEAA2760040B8E5 /* MapParser.swift */; };
		A7E2C9CE2BEAA2760040B8E5 /* MapRenderer.swift in Sources */ = {isa = PBXBuildFile; fileRef = A7E2C9C82BEAA2760040B8E5 /* MapRenderer.swift */; };
		A7E2C9CF2BEAA2760040B8E5 /* MapUtils.swift in Sources */ = {isa = PBXBuildFile; fileRef = A7E2C9C92BEAA2760040B8E5 /* MapUtils.swift */; };
		A7E2C9D12BEAA29C0040B8E5 /* WorldMapView.swift in Sources */ = {isa = PBXBuildFile; fileRef = A7E2C9D02BEAA29C0040B8E5 /* WorldMapView.swift */; };
		A7E6AC3E2C1892EA00572030 /* GameOvewView.swift in Sources */ = {isa = PBXBuildFile; fileRef = A7E6AC3D2C1892EA00572030 /* GameOvewView.swift */; };
		A7FC90E02C2AB9AD00A9790B /* RestartButtonView.swift in Sources */ = {isa = PBXBuildFile; fileRef = A7FC90DF2C2AB9AD00A9790B /* RestartButtonView.swift */; };
		A7FEF9E52C0F042000602D30 /* GameOverTimer.swift in Sources */ = {isa = PBXBuildFile; fileRef = A7FEF9E42C0F042000602D30 /* GameOverTimer.swift */; };
/* End PBXBuildFile section */

/* Begin PBXFileReference section */
		A70164C12BEE217E00C0D98B /* MapsModelData.swift */ = {isa = PBXFileReference; lastKnownFileType = sourcecode.swift; path = MapsModelData.swift; sourceTree = "<group>"; };
		A707CE172C6F2E2E006621F5 /* SkillPopOver.swift */ = {isa = PBXFileReference; lastKnownFileType = sourcecode.swift; path = SkillPopOver.swift; sourceTree = "<group>"; };
		A7167FD82C51008300E32935 /* ReturnButton.swift */ = {isa = PBXFileReference; lastKnownFileType = sourcecode.swift; path = ReturnButton.swift; sourceTree = "<group>"; };
		A72470852BFC924800E771D8 /* CountryNameView.swift */ = {isa = PBXFileReference; lastKnownFileType = sourcecode.swift; path = CountryNameView.swift; sourceTree = "<group>"; };
		A74FA5332C9344B90064AF8E /* Difficulty.swift */ = {isa = PBXFileReference; lastKnownFileType = sourcecode.swift; path = Difficulty.swift; sourceTree = "<group>"; };
		A7580F172C0898CA00B3F4B4 /* SideMapRightView.swift */ = {isa = PBXFileReference; lastKnownFileType = sourcecode.swift; path = SideMapRightView.swift; sourceTree = "<group>"; };
		A75D26632C4C16E60040FC86 /* SkillView.swift */ = {isa = PBXFileReference; fileEncoding = 4; lastKnownFileType = sourcecode.swift; path = SkillView.swift; sourceTree = "<group>"; };
		A75D26652C4C16E60040FC86 /* SkillModel.swift */ = {isa = PBXFileReference; fileEncoding = 4; lastKnownFileType = sourcecode.swift; path = SkillModel.swift; sourceTree = "<group>"; };
		A75D26662C4C16E60040FC86 /* SkillBranchView.swift */ = {isa = PBXFileReference; fileEncoding = 4; lastKnownFileType = sourcecode.swift; path = SkillBranchView.swift; sourceTree = "<group>"; };
		A75ECF8B2C35DB2D002DFDDC /* MiddleLine.swift */ = {isa = PBXFileReference; lastKnownFileType = sourcecode.swift; path = MiddleLine.swift; sourceTree = "<group>"; };
		A767856B2C08EBFA0089E342 /* MiddleVsText.swift */ = {isa = PBXFileReference; lastKnownFileType = sourcecode.swift; path = MiddleVsText.swift; sourceTree = "<group>"; };
		A7693C762C4E60B2007763C2 /* SkillTreeScreenView.swift */ = {isa = PBXFileReference; lastKnownFileType = sourcecode.swift; path = SkillTreeScreenView.swift; sourceTree = "<group>"; };
		A78058DF2C73A6280036C54B /* SkillConnectionView.swift */ = {isa = PBXFileReference; lastKnownFileType = sourcecode.swift; path = SkillConnectionView.swift; sourceTree = "<group>"; };
		A78560782C47B20300AE3004 /* world-low.svg */ = {isa = PBXFileReference; fileEncoding = 4; lastKnownFileType = text.xml; path = "world-low.svg"; sourceTree = "<group>"; };
		A786CD6A2C455FF300EBAC6F /* DropDownPicker.swift */ = {isa = PBXFileReference; lastKnownFileType = sourcecode.swift; path = DropDownPicker.swift; sourceTree = "<group>"; };
		A787ADDB2C8AE7E400498EBD /* InfoBarView.swift */ = {isa = PBXFileReference; lastKnownFileType = sourcecode.swift; path = InfoBarView.swift; sourceTree = "<group>"; };
		A787ADDD2C8AE93300498EBD /* EnergyPanel.swift */ = {isa = PBXFileReference; lastKnownFileType = sourcecode.swift; path = EnergyPanel.swift; sourceTree = "<group>"; };
		A787ADDF2C8AF79800498EBD /* MoneyPanel.swift */ = {isa = PBXFileReference; lastKnownFileType = sourcecode.swift; path = MoneyPanel.swift; sourceTree = "<group>"; };
		A787ADE12C8AFEBB00498EBD /* IncomePanel.swift */ = {isa = PBXFileReference; lastKnownFileType = sourcecode.swift; path = IncomePanel.swift; sourceTree = "<group>"; };
		A78E6F8B2C8F1DB600DA064F /* TEMP.swift */ = {isa = PBXFileReference; lastKnownFileType = sourcecode.swift; path = TEMP.swift; sourceTree = "<group>"; };
		A78F38CC2C34667200BF63EE /* TextAnimationScore.swift */ = {isa = PBXFileReference; lastKnownFileType = sourcecode.swift; path = TextAnimationScore.swift; sourceTree = "<group>"; };
		A79705222C995C01009CC742 /* PlayerHelthModel.swift */ = {isa = PBXFileReference; lastKnownFileType = sourcecode.swift; path = PlayerHelthModel.swift; sourceTree = "<group>"; };
		A79A579A2BED315200ED3A67 /* SideMapView.swift */ = {isa = PBXFileReference; lastKnownFileType = sourcecode.swift; path = SideMapView.swift; sourceTree = "<group>"; };
		A79A579C2BED39CF00ED3A67 /* PlayerDataModel.swift */ = {isa = PBXFileReference; lastKnownFileType = sourcecode.swift; path = PlayerDataModel.swift; sourceTree = "<group>"; };
		A79ACB002BF76DC200769EB7 /* FightButton.swift */ = {isa = PBXFileReference; lastKnownFileType = sourcecode.swift; path = FightButton.swift; sourceTree = "<group>"; };
		A79C62352C3569C000C64772 /* CustomBackground.swift */ = {isa = PBXFileReference; lastKnownFileType = sourcecode.swift; path = CustomBackground.swift; sourceTree = "<group>"; };
		A7A21FF02BB5BE0E005D062B /* History Fight Ninja.app */ = {isa = PBXFileReference; explicitFileType = wrapper.application; includeInIndex = 0; path = "History Fight Ninja.app"; sourceTree = BUILT_PRODUCTS_DIR; };
		A7A21FF32BB5BE0E005D062B /* History_Fight_NinjaApp.swift */ = {isa = PBXFileReference; lastKnownFileType = sourcecode.swift; path = History_Fight_NinjaApp.swift; sourceTree = "<group>"; };
		A7A21FF72BB5BE10005D062B /* Assets.xcassets */ = {isa = PBXFileReference; lastKnownFileType = folder.assetcatalog; path = Assets.xcassets; sourceTree = "<group>"; };
		A7A21FFA2BB5BE10005D062B /* Preview Assets.xcassets */ = {isa = PBXFileReference; lastKnownFileType = folder.assetcatalog; path = "Preview Assets.xcassets"; sourceTree = "<group>"; };
		A7ABD29E2C6231770083B96E /* Economic.swift */ = {isa = PBXFileReference; lastKnownFileType = sourcecode.swift; path = Economic.swift; sourceTree = "<group>"; };
		A7ABD2A02C6231960083B96E /* Army.swift */ = {isa = PBXFileReference; lastKnownFileType = sourcecode.swift; path = Army.swift; sourceTree = "<group>"; };
		A7B3F0C72C6E60F00099A5BE /* SkillTreeManager.swift */ = {isa = PBXFileReference; lastKnownFileType = sourcecode.swift; path = SkillTreeManager.swift; sourceTree = "<group>"; };
		A7BEA8D92C3EA752001452F7 /* Constants.swift */ = {isa = PBXFileReference; lastKnownFileType = sourcecode.swift; path = Constants.swift; sourceTree = "<group>"; };
		A7BEA8DB2C3EE589001452F7 /* PauseButton.swift */ = {isa = PBXFileReference; lastKnownFileType = sourcecode.swift; path = PauseButton.swift; sourceTree = "<group>"; };
		A7BEB1622C2D7C95007AE6C9 /* ScoreBoardView.swift */ = {isa = PBXFileReference; lastKnownFileType = sourcecode.swift; path = ScoreBoardView.swift; sourceTree = "<group>"; };
		A7C42FBA2C382525008E0CE6 /* MenuButtonView.swift */ = {isa = PBXFileReference; lastKnownFileType = sourcecode.swift; path = MenuButtonView.swift; sourceTree = "<group>"; };
		A7CFDACA2BF92A8500937CE0 /* FieldForButton.swift */ = {isa = PBXFileReference; lastKnownFileType = sourcecode.swift; path = FieldForButton.swift; sourceTree = "<group>"; };
		A7CFDACC2BF92ABF00937CE0 /* AttacButton.swift */ = {isa = PBXFileReference; lastKnownFileType = sourcecode.swift; path = AttacButton.swift; sourceTree = "<group>"; };
		A7E2C99E2BEA97BA0040B8E5 /* CountryModel.swift */ = {isa = PBXFileReference; fileEncoding = 4; lastKnownFileType = sourcecode.swift; path = CountryModel.swift; sourceTree = "<group>"; };
		A7E2C99F2BEA97BA0040B8E5 /* HealthBarModel.swift */ = {isa = PBXFileReference; fileEncoding = 4; lastKnownFileType = sourcecode.swift; path = HealthBarModel.swift; sourceTree = "<group>"; };
		A7E2C9A32BEA97CC0040B8E5 /* ContentView.swift */ = {isa = PBXFileReference; fileEncoding = 4; lastKnownFileType = sourcecode.swift; path = ContentView.swift; sourceTree = "<group>"; };
		A7E2C9A52BEA97CC0040B8E5 /* GameScene.swift */ = {isa = PBXFileReference; fileEncoding = 4; lastKnownFileType = sourcecode.swift; path = GameScene.swift; sourceTree = "<group>"; };
		A7E2C9A72BEA97CC0040B8E5 /* Streak.swift */ = {isa = PBXFileReference; fileEncoding = 4; lastKnownFileType = sourcecode.swift; path = Streak.swift; sourceTree = "<group>"; };
		A7E2C9AE2BEA97D50040B8E5 /* Assets.xcassets */ = {isa = PBXFileReference; lastKnownFileType = folder.assetcatalog; path = Assets.xcassets; sourceTree = "<group>"; };
		A7E2C9AF2BEA97D50040B8E5 /* explousion.sks */ = {isa = PBXFileReference; lastKnownFileType = file.sks; path = explousion.sks; sourceTree = "<group>"; };
		A7E2C9B02BEA97D50040B8E5 /* game.sks */ = {isa = PBXFileReference; lastKnownFileType = file.sks; path = game.sks; sourceTree = "<group>"; };
		A7E2C9B12BEA97D50040B8E5 /* GameOver.sks */ = {isa = PBXFileReference; lastKnownFileType = file.sks; path = GameOver.sks; sourceTree = "<group>"; };
		A7E2C9B22BEA97D50040B8E5 /* GameWin.sks */ = {isa = PBXFileReference; lastKnownFileType = file.sks; path = GameWin.sks; sourceTree = "<group>"; };
		A7E2C9B32BEA97D50040B8E5 /* smoke.sks */ = {isa = PBXFileReference; lastKnownFileType = file.sks; path = smoke.sks; sourceTree = "<group>"; };
		A7E2C9B42BEA97D50040B8E5 /* Start.sks */ = {isa = PBXFileReference; lastKnownFileType = file.sks; path = Start.sks; sourceTree = "<group>"; };
		A7E2C9BD2BEAA0B40040B8E5 /* world-low-old.svg */ = {isa = PBXFileReference; fileEncoding = 4; lastKnownFileType = text.xml; path = "world-low-old.svg"; sourceTree = "<group>"; };
		A7E2C9C42BEAA25F0040B8E5 /* MapModel.swift */ = {isa = PBXFileReference; fileEncoding = 4; lastKnownFileType = sourcecode.swift; path = MapModel.swift; sourceTree = "<group>"; };
		A7E2C9C62BEAA2760040B8E5 /* Centering.swift */ = {isa = PBXFileReference; fileEncoding = 4; lastKnownFileType = sourcecode.swift; path = Centering.swift; sourceTree = "<group>"; };
		A7E2C9C72BEAA2760040B8E5 /* MapParser.swift */ = {isa = PBXFileReference; fileEncoding = 4; lastKnownFileType = sourcecode.swift; path = MapParser.swift; sourceTree = "<group>"; };
		A7E2C9C82BEAA2760040B8E5 /* MapRenderer.swift */ = {isa = PBXFileReference; fileEncoding = 4; lastKnownFileType = sourcecode.swift; path = MapRenderer.swift; sourceTree = "<group>"; };
		A7E2C9C92BEAA2760040B8E5 /* MapUtils.swift */ = {isa = PBXFileReference; fileEncoding = 4; lastKnownFileType = sourcecode.swift; path = MapUtils.swift; sourceTree = "<group>"; };
		A7E2C9D02BEAA29C0040B8E5 /* WorldMapView.swift */ = {isa = PBXFileReference; fileEncoding = 4; lastKnownFileType = sourcecode.swift; path = WorldMapView.swift; sourceTree = "<group>"; };
		A7E6AC3D2C1892EA00572030 /* GameOvewView.swift */ = {isa = PBXFileReference; lastKnownFileType = sourcecode.swift; path = GameOvewView.swift; sourceTree = "<group>"; };
		A7FC90DF2C2AB9AD00A9790B /* RestartButtonView.swift */ = {isa = PBXFileReference; lastKnownFileType = sourcecode.swift; path = RestartButtonView.swift; sourceTree = "<group>"; };
		A7FEF9E42C0F042000602D30 /* GameOverTimer.swift */ = {isa = PBXFileReference; lastKnownFileType = sourcecode.swift; path = GameOverTimer.swift; sourceTree = "<group>"; };
/* End PBXFileReference section */

/* Begin PBXFrameworksBuildPhase section */
		A7A21FED2BB5BE0E005D062B /* Frameworks */ = {
			isa = PBXFrameworksBuildPhase;
			buildActionMask = 2147483647;
			files = (
			);
			runOnlyForDeploymentPostprocessing = 0;
		};
/* End PBXFrameworksBuildPhase section */

/* Begin PBXGroup section */
		A72470842BFC922200E771D8 /* CountryNameView */ = {
			isa = PBXGroup;
			children = (
				A72470852BFC924800E771D8 /* CountryNameView.swift */,
			);
			path = CountryNameView;
			sourceTree = "<group>";
		};
		A75D26622C4C16080040FC86 /* SkillsTree */ = {
			isa = PBXGroup;
			children = (
				A75D26652C4C16E60040FC86 /* SkillModel.swift */,
				A7B3F0C72C6E60F00099A5BE /* SkillTreeManager.swift */,
				A75D26662C4C16E60040FC86 /* SkillBranchView.swift */,
				A75D26632C4C16E60040FC86 /* SkillView.swift */,
				A7693C762C4E60B2007763C2 /* SkillTreeScreenView.swift */,
				A7167FD82C51008300E32935 /* ReturnButton.swift */,
				A707CE172C6F2E2E006621F5 /* SkillPopOver.swift */,
				A78058DF2C73A6280036C54B /* SkillConnectionView.swift */,
			);
			path = SkillsTree;
			sourceTree = "<group>";
		};
		A7700F982C330AFF00871FBF /* GameWin */ = {
			isa = PBXGroup;
			children = (
				A7BEB1622C2D7C95007AE6C9 /* ScoreBoardView.swift */,
				A78F38CC2C34667200BF63EE /* TextAnimationScore.swift */,
				A79C62352C3569C000C64772 /* CustomBackground.swift */,
				A75ECF8B2C35DB2D002DFDDC /* MiddleLine.swift */,
			);
			path = GameWin;
			sourceTree = "<group>";
		};
		A787ADDA2C8AE77300498EBD /* InfoBar */ = {
			isa = PBXGroup;
			children = (
				A787ADDB2C8AE7E400498EBD /* InfoBarView.swift */,
				A787ADDD2C8AE93300498EBD /* EnergyPanel.swift */,
				A787ADDF2C8AF79800498EBD /* MoneyPanel.swift */,
				A787ADE12C8AFEBB00498EBD /* IncomePanel.swift */,
			);
			path = InfoBar;
			sourceTree = "<group>";
		};
		A79705212C995BCE009CC742 /* GameSceneModels */ = {
			isa = PBXGroup;
			children = (
				A7E2C99F2BEA97BA0040B8E5 /* HealthBarModel.swift */,
				A7E2C99E2BEA97BA0040B8E5 /* CountryModel.swift */,
				A79705222C995C01009CC742 /* PlayerHelthModel.swift */,
			);
			path = GameSceneModels;
			sourceTree = "<group>";
		};
		A7A21FE72BB5BE0E005D062B = {
			isa = PBXGroup;
			children = (
				A7A21FF22BB5BE0E005D062B /* History Fight Ninja */,
				A7A21FF12BB5BE0E005D062B /* Products */,
			);
			sourceTree = "<group>";
		};
		A7A21FF12BB5BE0E005D062B /* Products */ = {
			isa = PBXGroup;
			children = (
				A7A21FF02BB5BE0E005D062B /* History Fight Ninja.app */,
			);
			name = Products;
			sourceTree = "<group>";
		};
		A7A21FF22BB5BE0E005D062B /* History Fight Ninja */ = {
			isa = PBXGroup;
			children = (
				A7A21FF32BB5BE0E005D062B /* History_Fight_NinjaApp.swift */,
				A7E2C9A82BEA97CC0040B8E5 /* View */,
				A7E2C9BF2BEAA1C70040B8E5 /* WorldMap */,
				A7E2C9B52BEA97D50040B8E5 /* Scene */,
				A7E2C9A02BEA97BA0040B8E5 /* Model */,
				A7A21FF72BB5BE10005D062B /* Assets.xcassets */,
				A7A21FF92BB5BE10005D062B /* Preview Content */,
			);
			path = "History Fight Ninja";
			sourceTree = "<group>";
		};
		A7A21FF92BB5BE10005D062B /* Preview Content */ = {
			isa = PBXGroup;
			children = (
				A7A21FFA2BB5BE10005D062B /* Preview Assets.xcassets */,
			);
			path = "Preview Content";
			sourceTree = "<group>";
		};
		A7ABD29D2C6231610083B96E /* SkillsModel */ = {
			isa = PBXGroup;
			children = (
				A7ABD29E2C6231770083B96E /* Economic.swift */,
				A7ABD2A02C6231960083B96E /* Army.swift */,
			);
			path = SkillsModel;
			sourceTree = "<group>";
		};
		A7BEA8D82C3EA736001452F7 /* GameModel */ = {
			isa = PBXGroup;
			children = (
				A7BEA8D92C3EA752001452F7 /* Constants.swift */,
				A74FA5332C9344B90064AF8E /* Difficulty.swift */,
			);
			path = GameModel;
			sourceTree = "<group>";
		};
		A7C42FB92C382504008E0CE6 /* MenuButton */ = {
			isa = PBXGroup;
			children = (
				A7C42FBA2C382525008E0CE6 /* MenuButtonView.swift */,
				A786CD6A2C455FF300EBAC6F /* DropDownPicker.swift */,
			);
			path = MenuButton;
			sourceTree = "<group>";
		};
		A7CFDAC92BF9287D00937CE0 /* FightButton */ = {
			isa = PBXGroup;
			children = (
				A79ACB002BF76DC200769EB7 /* FightButton.swift */,
				A7CFDACA2BF92A8500937CE0 /* FieldForButton.swift */,
				A7CFDACC2BF92ABF00937CE0 /* AttacButton.swift */,
			);
			path = FightButton;
			sourceTree = "<group>";
		};
		A7E2C9A02BEA97BA0040B8E5 /* Model */ = {
			isa = PBXGroup;
			children = (
				A79705212C995BCE009CC742 /* GameSceneModels */,
				A7ABD29D2C6231610083B96E /* SkillsModel */,
				A7BEA8D82C3EA736001452F7 /* GameModel */,
				A7E2C9CB2BEAA2760040B8E5 /* Sources */,
				A7E2C9C32BEAA24E0040B8E5 /* MapModel */,
				A79A579C2BED39CF00ED3A67 /* PlayerDataModel.swift */,
			);
			path = Model;
			sourceTree = "<group>";
		};
		A7E2C9A82BEA97CC0040B8E5 /* View */ = {
			isa = PBXGroup;
			children = (
				A7E2C9A32BEA97CC0040B8E5 /* ContentView.swift */,
				A7FEF9E32C0F023000602D30 /* GameScene */,
				A75D26622C4C16080040FC86 /* SkillsTree */,
				A7E2C9C02BEAA2290040B8E5 /* MapView */,
			);
			path = View;
			sourceTree = "<group>";
		};
		A7E2C9B52BEA97D50040B8E5 /* Scene */ = {
			isa = PBXGroup;
			children = (
				A7E2C9AE2BEA97D50040B8E5 /* Assets.xcassets */,
				A7E2C9AF2BEA97D50040B8E5 /* explousion.sks */,
				A7E2C9B02BEA97D50040B8E5 /* game.sks */,
				A7E2C9B12BEA97D50040B8E5 /* GameOver.sks */,
				A7E2C9B22BEA97D50040B8E5 /* GameWin.sks */,
				A7E2C9B32BEA97D50040B8E5 /* smoke.sks */,
				A7E2C9B42BEA97D50040B8E5 /* Start.sks */,
			);
			path = Scene;
			sourceTree = "<group>";
		};
		A7E2C9BF2BEAA1C70040B8E5 /* WorldMap */ = {
			isa = PBXGroup;
			children = (
				A78560782C47B20300AE3004 /* world-low.svg */,
				A7E2C9BD2BEAA0B40040B8E5 /* world-low-old.svg */,
			);
			path = WorldMap;
			sourceTree = "<group>";
		};
		A7E2C9C02BEAA2290040B8E5 /* MapView */ = {
			isa = PBXGroup;
			children = (
				A787ADDA2C8AE77300498EBD /* InfoBar */,
				A7C42FB92C382504008E0CE6 /* MenuButton */,
				A72470842BFC922200E771D8 /* CountryNameView */,
				A7CFDAC92BF9287D00937CE0 /* FightButton */,
				A7E2C9D02BEAA29C0040B8E5 /* WorldMapView.swift */,
				A79A579A2BED315200ED3A67 /* SideMapView.swift */,
				A7580F172C0898CA00B3F4B4 /* SideMapRightView.swift */,
				A767856B2C08EBFA0089E342 /* MiddleVsText.swift */,
			);
			path = MapView;
			sourceTree = "<group>";
		};
		A7E2C9C32BEAA24E0040B8E5 /* MapModel */ = {
			isa = PBXGroup;
			children = (
				A7E2C9C42BEAA25F0040B8E5 /* MapModel.swift */,
				A70164C12BEE217E00C0D98B /* MapsModelData.swift */,
				A78E6F8B2C8F1DB600DA064F /* TEMP.swift */,
			);
			path = MapModel;
			sourceTree = "<group>";
		};
		A7E2C9CA2BEAA2760040B8E5 /* InteractiveMap */ = {
			isa = PBXGroup;
			children = (
				A7E2C9C62BEAA2760040B8E5 /* Centering.swift */,
				A7E2C9C72BEAA2760040B8E5 /* MapParser.swift */,
				A7E2C9C82BEAA2760040B8E5 /* MapRenderer.swift */,
				A7E2C9C92BEAA2760040B8E5 /* MapUtils.swift */,
			);
			path = InteractiveMap;
			sourceTree = "<group>";
		};
		A7E2C9CB2BEAA2760040B8E5 /* Sources */ = {
			isa = PBXGroup;
			children = (
				A7E2C9CA2BEAA2760040B8E5 /* InteractiveMap */,
			);
			path = Sources;
			sourceTree = "<group>";
		};
		A7FC90DE2C2AB6B500A9790B /* GameOver */ = {
			isa = PBXGroup;
			children = (
				A7E6AC3D2C1892EA00572030 /* GameOvewView.swift */,
				A7FC90DF2C2AB9AD00A9790B /* RestartButtonView.swift */,
			);
			path = GameOver;
			sourceTree = "<group>";
		};
		A7FEF9E32C0F023000602D30 /* GameScene */ = {
			isa = PBXGroup;
			children = (
				A7E2C9A52BEA97CC0040B8E5 /* GameScene.swift */,
				A7700F982C330AFF00871FBF /* GameWin */,
				A7FC90DE2C2AB6B500A9790B /* GameOver */,
				A7FEF9E42C0F042000602D30 /* GameOverTimer.swift */,
				A7E2C9A72BEA97CC0040B8E5 /* Streak.swift */,
				A7BEA8DB2C3EE589001452F7 /* PauseButton.swift */,
			);
			path = GameScene;
			sourceTree = "<group>";
		};
/* End PBXGroup section */

/* Begin PBXNativeTarget section */
		A7A21FEF2BB5BE0E005D062B /* History Fight Ninja */ = {
			isa = PBXNativeTarget;
			buildConfigurationList = A7A21FFE2BB5BE10005D062B /* Build configuration list for PBXNativeTarget "History Fight Ninja" */;
			buildPhases = (
				A7A21FEC2BB5BE0E005D062B /* Sources */,
				A7A21FED2BB5BE0E005D062B /* Frameworks */,
				A7A21FEE2BB5BE0E005D062B /* Resources */,
			);
			buildRules = (
			);
			dependencies = (
			);
			name = "History Fight Ninja";
			productName = "History Fight Ninja";
			productReference = A7A21FF02BB5BE0E005D062B /* History Fight Ninja.app */;
			productType = "com.apple.product-type.application";
		};
/* End PBXNativeTarget section */

/* Begin PBXProject section */
		A7A21FE82BB5BE0E005D062B /* Project object */ = {
			isa = PBXProject;
			attributes = {
				BuildIndependentTargetsInParallel = 1;
				LastSwiftUpdateCheck = 1530;
				LastUpgradeCheck = 1530;
				TargetAttributes = {
					A7A21FEF2BB5BE0E005D062B = {
						CreatedOnToolsVersion = 15.3;
					};
				};
			};
			buildConfigurationList = A7A21FEB2BB5BE0E005D062B /* Build configuration list for PBXProject "History Fight Ninja" */;
			compatibilityVersion = "Xcode 14.0";
			developmentRegion = en;
			hasScannedForEncodings = 0;
			knownRegions = (
				en,
				Base,
			);
			mainGroup = A7A21FE72BB5BE0E005D062B;
			productRefGroup = A7A21FF12BB5BE0E005D062B /* Products */;
			projectDirPath = "";
			projectRoot = "";
			targets = (
				A7A21FEF2BB5BE0E005D062B /* History Fight Ninja */,
			);
		};
/* End PBXProject section */

/* Begin PBXResourcesBuildPhase section */
		A7A21FEE2BB5BE0E005D062B /* Resources */ = {
			isa = PBXResourcesBuildPhase;
			buildActionMask = 2147483647;
			files = (
				A7A21FFB2BB5BE10005D062B /* Preview Assets.xcassets in Resources */,
				A7E2C9B92BEA97D50040B8E5 /* GameOver.sks in Resources */,
				A78560792C47B20300AE3004 /* world-low.svg in Resources */,
				A7E2C9BE2BEAA0B40040B8E5 /* world-low-old.svg in Resources */,
				A7E2C9B62BEA97D50040B8E5 /* Assets.xcassets in Resources */,
				A7E2C9B82BEA97D50040B8E5 /* game.sks in Resources */,
				A7A21FF82BB5BE10005D062B /* Assets.xcassets in Resources */,
				A7E2C9B72BEA97D50040B8E5 /* explousion.sks in Resources */,
				A7E2C9BA2BEA97D50040B8E5 /* GameWin.sks in Resources */,
				A7E2C9BB2BEA97D50040B8E5 /* smoke.sks in Resources */,
				A7E2C9BC2BEA97D50040B8E5 /* Start.sks in Resources */,
			);
			runOnlyForDeploymentPostprocessing = 0;
		};
/* End PBXResourcesBuildPhase section */

/* Begin PBXSourcesBuildPhase section */
		A7A21FEC2BB5BE0E005D062B /* Sources */ = {
			isa = PBXSourcesBuildPhase;
			buildActionMask = 2147483647;
			files = (
				A79A579B2BED315200ED3A67 /* SideMapView.swift in Sources */,
				A7693C772C4E60B2007763C2 /* SkillTreeScreenView.swift in Sources */,
				A75D26692C4C16E60040FC86 /* SkillModel.swift in Sources */,
				A79ACB012BF76DC200769EB7 /* FightButton.swift in Sources */,
				A7167FD92C51008300E32935 /* ReturnButton.swift in Sources */,
				A78058E02C73A6280036C54B /* SkillConnectionView.swift in Sources */,
				A7BEB1632C2D7C95007AE6C9 /* ScoreBoardView.swift in Sources */,
				A7ABD2A12C6231960083B96E /* Army.swift in Sources */,
				A787ADDC2C8AE7E400498EBD /* InfoBarView.swift in Sources */,
				A7BEA8DC2C3EE589001452F7 /* PauseButton.swift in Sources */,
				A7E2C9CF2BEAA2760040B8E5 /* MapUtils.swift in Sources */,
				A7E2C9A92BEA97CC0040B8E5 /* ContentView.swift in Sources */,
				A75D266A2C4C16E60040FC86 /* SkillBranchView.swift in Sources */,
				A78F38CD2C34667200BF63EE /* TextAnimationScore.swift in Sources */,
				A7CFDACD2BF92ABF00937CE0 /* AttacButton.swift in Sources */,
				A7A21FF42BB5BE0E005D062B /* History_Fight_NinjaApp.swift in Sources */,
				A7E2C9CE2BEAA2760040B8E5 /* MapRenderer.swift in Sources */,
				A74FA5342C9344B90064AF8E /* Difficulty.swift in Sources */,
				A75D26672C4C16E60040FC86 /* SkillView.swift in Sources */,
				A79C62362C3569C000C64772 /* CustomBackground.swift in Sources */,
				A79A579D2BED39CF00ED3A67 /* PlayerDataModel.swift in Sources */,
				A767856C2C08EBFA0089E342 /* MiddleVsText.swift in Sources */,
				A72470862BFC924800E771D8 /* CountryNameView.swift in Sources */,
				A7E2C9A12BEA97BA0040B8E5 /* CountryModel.swift in Sources */,
				A75ECF8C2C35DB2D002DFDDC /* MiddleLine.swift in Sources */,
				A7FEF9E52C0F042000602D30 /* GameOverTimer.swift in Sources */,
				A7E6AC3E2C1892EA00572030 /* GameOvewView.swift in Sources */,
				A787ADDE2C8AE93300498EBD /* EnergyPanel.swift in Sources */,
				A7E2C9C52BEAA25F0040B8E5 /* MapModel.swift in Sources */,
				A7E2C9AB2BEA97CC0040B8E5 /* GameScene.swift in Sources */,
				A786CD6B2C455FF300EBAC6F /* DropDownPicker.swift in Sources */,
				A7CFDACB2BF92A8500937CE0 /* FieldForButton.swift in Sources */,
				A7BEA8DA2C3EA752001452F7 /* Constants.swift in Sources */,
				A787ADE02C8AF79800498EBD /* MoneyPanel.swift in Sources */,
				A7B3F0C82C6E60F00099A5BE /* SkillTreeManager.swift in Sources */,
				A70164C22BEE217E00C0D98B /* MapsModelData.swift in Sources */,
				A7E2C9AD2BEA97CC0040B8E5 /* Streak.swift in Sources */,
				A707CE182C6F2E2E006621F5 /* SkillPopOver.swift in Sources */,
				A7E2C9D12BEAA29C0040B8E5 /* WorldMapView.swift in Sources */,
				A787ADE22C8AFEBB00498EBD /* IncomePanel.swift in Sources */,
				A7E2C9CD2BEAA2760040B8E5 /* MapParser.swift in Sources */,
				A78E6F8C2C8F1DB600DA064F /* TEMP.swift in Sources */,
				A7C42FBB2C382525008E0CE6 /* MenuButtonView.swift in Sources */,
				A7FC90E02C2AB9AD00A9790B /* RestartButtonView.swift in Sources */,
				A7E2C9A22BEA97BA0040B8E5 /* HealthBarModel.swift in Sources */,
				A7E2C9CC2BEAA2760040B8E5 /* Centering.swift in Sources */,
				A79705232C995C01009CC742 /* PlayerHelthModel.swift in Sources */,
				A7ABD29F2C6231770083B96E /* Economic.swift in Sources */,
				A7580F182C0898CA00B3F4B4 /* SideMapRightView.swift in Sources */,
			);
			runOnlyForDeploymentPostprocessing = 0;
		};
/* End PBXSourcesBuildPhase section */

/* Begin XCBuildConfiguration section */
		A7A21FFC2BB5BE10005D062B /* Debug */ = {
			isa = XCBuildConfiguration;
			buildSettings = {
				ALWAYS_SEARCH_USER_PATHS = NO;
				ASSETCATALOG_COMPILER_GENERATE_SWIFT_ASSET_SYMBOL_EXTENSIONS = YES;
				CLANG_ANALYZER_NONNULL = YES;
				CLANG_ANALYZER_NUMBER_OBJECT_CONVERSION = YES_AGGRESSIVE;
				CLANG_CXX_LANGUAGE_STANDARD = "gnu++20";
				CLANG_ENABLE_MODULES = YES;
				CLANG_ENABLE_OBJC_ARC = YES;
				CLANG_ENABLE_OBJC_WEAK = YES;
				CLANG_WARN_BLOCK_CAPTURE_AUTORELEASING = YES;
				CLANG_WARN_BOOL_CONVERSION = YES;
				CLANG_WARN_COMMA = YES;
				CLANG_WARN_CONSTANT_CONVERSION = YES;
				CLANG_WARN_DEPRECATED_OBJC_IMPLEMENTATIONS = YES;
				CLANG_WARN_DIRECT_OBJC_ISA_USAGE = YES_ERROR;
				CLANG_WARN_DOCUMENTATION_COMMENTS = YES;
				CLANG_WARN_EMPTY_BODY = YES;
				CLANG_WARN_ENUM_CONVERSION = YES;
				CLANG_WARN_INFINITE_RECURSION = YES;
				CLANG_WARN_INT_CONVERSION = YES;
				CLANG_WARN_NON_LITERAL_NULL_CONVERSION = YES;
				CLANG_WARN_OBJC_IMPLICIT_RETAIN_SELF = YES;
				CLANG_WARN_OBJC_LITERAL_CONVERSION = YES;
				CLANG_WARN_OBJC_ROOT_CLASS = YES_ERROR;
				CLANG_WARN_QUOTED_INCLUDE_IN_FRAMEWORK_HEADER = YES;
				CLANG_WARN_RANGE_LOOP_ANALYSIS = YES;
				CLANG_WARN_STRICT_PROTOTYPES = YES;
				CLANG_WARN_SUSPICIOUS_MOVE = YES;
				CLANG_WARN_UNGUARDED_AVAILABILITY = YES_AGGRESSIVE;
				CLANG_WARN_UNREACHABLE_CODE = YES;
				CLANG_WARN__DUPLICATE_METHOD_MATCH = YES;
				COPY_PHASE_STRIP = NO;
				DEBUG_INFORMATION_FORMAT = dwarf;
				ENABLE_STRICT_OBJC_MSGSEND = YES;
				ENABLE_TESTABILITY = YES;
				ENABLE_USER_SCRIPT_SANDBOXING = YES;
				GCC_C_LANGUAGE_STANDARD = gnu17;
				GCC_DYNAMIC_NO_PIC = NO;
				GCC_NO_COMMON_BLOCKS = YES;
				GCC_OPTIMIZATION_LEVEL = 0;
				GCC_PREPROCESSOR_DEFINITIONS = (
					"DEBUG=1",
					"$(inherited)",
				);
				GCC_WARN_64_TO_32_BIT_CONVERSION = YES;
				GCC_WARN_ABOUT_RETURN_TYPE = YES_ERROR;
				GCC_WARN_UNDECLARED_SELECTOR = YES;
				GCC_WARN_UNINITIALIZED_AUTOS = YES_AGGRESSIVE;
				GCC_WARN_UNUSED_FUNCTION = YES;
				GCC_WARN_UNUSED_VARIABLE = YES;
				IPHONEOS_DEPLOYMENT_TARGET = 17.4;
				LOCALIZATION_PREFERS_STRING_CATALOGS = YES;
				MTL_ENABLE_DEBUG_INFO = INCLUDE_SOURCE;
				MTL_FAST_MATH = YES;
				ONLY_ACTIVE_ARCH = YES;
				SDKROOT = iphoneos;
				SWIFT_ACTIVE_COMPILATION_CONDITIONS = "DEBUG $(inherited)";
				SWIFT_OPTIMIZATION_LEVEL = "-Onone";
			};
			name = Debug;
		};
		A7A21FFD2BB5BE10005D062B /* Release */ = {
			isa = XCBuildConfiguration;
			buildSettings = {
				ALWAYS_SEARCH_USER_PATHS = NO;
				ASSETCATALOG_COMPILER_GENERATE_SWIFT_ASSET_SYMBOL_EXTENSIONS = YES;
				CLANG_ANALYZER_NONNULL = YES;
				CLANG_ANALYZER_NUMBER_OBJECT_CONVERSION = YES_AGGRESSIVE;
				CLANG_CXX_LANGUAGE_STANDARD = "gnu++20";
				CLANG_ENABLE_MODULES = YES;
				CLANG_ENABLE_OBJC_ARC = YES;
				CLANG_ENABLE_OBJC_WEAK = YES;
				CLANG_WARN_BLOCK_CAPTURE_AUTORELEASING = YES;
				CLANG_WARN_BOOL_CONVERSION = YES;
				CLANG_WARN_COMMA = YES;
				CLANG_WARN_CONSTANT_CONVERSION = YES;
				CLANG_WARN_DEPRECATED_OBJC_IMPLEMENTATIONS = YES;
				CLANG_WARN_DIRECT_OBJC_ISA_USAGE = YES_ERROR;
				CLANG_WARN_DOCUMENTATION_COMMENTS = YES;
				CLANG_WARN_EMPTY_BODY = YES;
				CLANG_WARN_ENUM_CONVERSION = YES;
				CLANG_WARN_INFINITE_RECURSION = YES;
				CLANG_WARN_INT_CONVERSION = YES;
				CLANG_WARN_NON_LITERAL_NULL_CONVERSION = YES;
				CLANG_WARN_OBJC_IMPLICIT_RETAIN_SELF = YES;
				CLANG_WARN_OBJC_LITERAL_CONVERSION = YES;
				CLANG_WARN_OBJC_ROOT_CLASS = YES_ERROR;
				CLANG_WARN_QUOTED_INCLUDE_IN_FRAMEWORK_HEADER = YES;
				CLANG_WARN_RANGE_LOOP_ANALYSIS = YES;
				CLANG_WARN_STRICT_PROTOTYPES = YES;
				CLANG_WARN_SUSPICIOUS_MOVE = YES;
				CLANG_WARN_UNGUARDED_AVAILABILITY = YES_AGGRESSIVE;
				CLANG_WARN_UNREACHABLE_CODE = YES;
				CLANG_WARN__DUPLICATE_METHOD_MATCH = YES;
				COPY_PHASE_STRIP = NO;
				DEBUG_INFORMATION_FORMAT = "dwarf-with-dsym";
				ENABLE_NS_ASSERTIONS = NO;
				ENABLE_STRICT_OBJC_MSGSEND = YES;
				ENABLE_USER_SCRIPT_SANDBOXING = YES;
				GCC_C_LANGUAGE_STANDARD = gnu17;
				GCC_NO_COMMON_BLOCKS = YES;
				GCC_WARN_64_TO_32_BIT_CONVERSION = YES;
				GCC_WARN_ABOUT_RETURN_TYPE = YES_ERROR;
				GCC_WARN_UNDECLARED_SELECTOR = YES;
				GCC_WARN_UNINITIALIZED_AUTOS = YES_AGGRESSIVE;
				GCC_WARN_UNUSED_FUNCTION = YES;
				GCC_WARN_UNUSED_VARIABLE = YES;
				IPHONEOS_DEPLOYMENT_TARGET = 17.4;
				LOCALIZATION_PREFERS_STRING_CATALOGS = YES;
				MTL_ENABLE_DEBUG_INFO = NO;
				MTL_FAST_MATH = YES;
				SDKROOT = iphoneos;
				SWIFT_COMPILATION_MODE = wholemodule;
				VALIDATE_PRODUCT = YES;
			};
			name = Release;
		};
		A7A21FFF2BB5BE10005D062B /* Debug */ = {
			isa = XCBuildConfiguration;
			buildSettings = {
				ASSETCATALOG_COMPILER_APPICON_NAME = AppIcon;
				ASSETCATALOG_COMPILER_GLOBAL_ACCENT_COLOR_NAME = AccentColor;
				CODE_SIGN_STYLE = Automatic;
				CURRENT_PROJECT_VERSION = 1;
				DEVELOPMENT_ASSET_PATHS = "\"History Fight Ninja/Preview Content\"";
				DEVELOPMENT_TEAM = 75J6R9JM9Z;
				ENABLE_PREVIEWS = YES;
				GENERATE_INFOPLIST_FILE = YES;
				INFOPLIST_KEY_UIApplicationSceneManifest_Generation = YES;
				INFOPLIST_KEY_UIApplicationSupportsIndirectInputEvents = YES;
				INFOPLIST_KEY_UILaunchScreen_Generation = YES;
				INFOPLIST_KEY_UIRequiresFullScreen = YES;
				INFOPLIST_KEY_UIStatusBarStyle = UIStatusBarStyleLightContent;
				INFOPLIST_KEY_UISupportedInterfaceOrientations = "UIInterfaceOrientationLandscapeLeft UIInterfaceOrientationLandscapeRight";
				IPHONEOS_DEPLOYMENT_TARGET = 15.0;
				LD_RUNPATH_SEARCH_PATHS = (
					"$(inherited)",
					"@executable_path/Frameworks",
				);
				MARKETING_VERSION = 1.0;
				PRODUCT_BUNDLE_IDENTIFIER = "com.HistoryFightNinja.Ak.History-Fight-Ninja";
				PRODUCT_NAME = "$(TARGET_NAME)";
				SUPPORTED_PLATFORMS = "iphoneos iphonesimulator";
				SUPPORTS_MACCATALYST = NO;
				SUPPORTS_XR_DESIGNED_FOR_IPHONE_IPAD = NO;
				SWIFT_EMIT_LOC_STRINGS = YES;
				SWIFT_VERSION = 5.0;
				TARGETED_DEVICE_FAMILY = "1,2";
			};
			name = Debug;
		};
		A7A220002BB5BE10005D062B /* Release */ = {
			isa = XCBuildConfiguration;
			buildSettings = {
				ASSETCATALOG_COMPILER_APPICON_NAME = AppIcon;
				ASSETCATALOG_COMPILER_GLOBAL_ACCENT_COLOR_NAME = AccentColor;
				CODE_SIGN_STYLE = Automatic;
				CURRENT_PROJECT_VERSION = 1;
				DEVELOPMENT_ASSET_PATHS = "\"History Fight Ninja/Preview Content\"";
				DEVELOPMENT_TEAM = 75J6R9JM9Z;
				ENABLE_PREVIEWS = YES;
				GENERATE_INFOPLIST_FILE = YES;
				INFOPLIST_KEY_UIApplicationSceneManifest_Generation = YES;
				INFOPLIST_KEY_UIApplicationSupportsIndirectInputEvents = YES;
				INFOPLIST_KEY_UILaunchScreen_Generation = YES;
				INFOPLIST_KEY_UIRequiresFullScreen = YES;
				INFOPLIST_KEY_UIStatusBarStyle = UIStatusBarStyleLightContent;
				INFOPLIST_KEY_UISupportedInterfaceOrientations = "UIInterfaceOrientationLandscapeLeft UIInterfaceOrientationLandscapeRight";
				IPHONEOS_DEPLOYMENT_TARGET = 15.0;
				LD_RUNPATH_SEARCH_PATHS = (
					"$(inherited)",
					"@executable_path/Frameworks",
				);
				MARKETING_VERSION = 1.0;
				PRODUCT_BUNDLE_IDENTIFIER = "com.HistoryFightNinja.Ak.History-Fight-Ninja";
				PRODUCT_NAME = "$(TARGET_NAME)";
				SUPPORTED_PLATFORMS = "iphoneos iphonesimulator";
				SUPPORTS_MACCATALYST = NO;
				SUPPORTS_XR_DESIGNED_FOR_IPHONE_IPAD = NO;
				SWIFT_EMIT_LOC_STRINGS = YES;
				SWIFT_VERSION = 5.0;
				TARGETED_DEVICE_FAMILY = "1,2";
			};
			name = Release;
		};
/* End XCBuildConfiguration section */

/* Begin XCConfigurationList section */
		A7A21FEB2BB5BE0E005D062B /* Build configuration list for PBXProject "History Fight Ninja" */ = {
			isa = XCConfigurationList;
			buildConfigurations = (
				A7A21FFC2BB5BE10005D062B /* Debug */,
				A7A21FFD2BB5BE10005D062B /* Release */,
			);
			defaultConfigurationIsVisible = 0;
			defaultConfigurationName = Release;
		};
		A7A21FFE2BB5BE10005D062B /* Build configuration list for PBXNativeTarget "History Fight Ninja" */ = {
			isa = XCConfigurationList;
			buildConfigurations = (
				A7A21FFF2BB5BE10005D062B /* Debug */,
				A7A220002BB5BE10005D062B /* Release */,
			);
			defaultConfigurationIsVisible = 0;
			defaultConfigurationName = Release;
		};
/* End XCConfigurationList section */
	};
	rootObject = A7A21FE82BB5BE0E005D062B /* Project object */;
}
